Microsoft Visual Studio Solution File, Format Version 9.00
# Visual Studio 2005
Project("{8BC9CEB8-8B4A-11D0-8D11-00A0C91BC942}") = "motion_example", "motion_example.vcproj", "{75EB4C32-7F0D-4CBE-95D8-4C1D600C37DF}"
	ProjectSection(ProjectDependencies) = postProject
		{B22E9DFB-D4CF-4850-BD2F-9FF56AD78A57} = {B22E9DFB-D4CF-4850-BD2F-9FF56AD78A57}
	EndProjectSection
EndProject
Project("{8BC9CEB8-8B4A-11D0-8D11-00A0C91BC942}") = "libfreespace", "..\..\..\libfreespace\win32\vs2005\libfreespace.vcproj", "{B22E9DFB-D4CF-4850-BD2F-9FF56AD78A57}"
EndProject
Project("{8BC9CEB8-8B4A-11D0-8D11-00A0C91BC942}") = "motion_example_async", "motion_example_async.vcproj", "{1769AE7F-3B35-4D97-8502-0585529F6527}"
	ProjectSection(ProjectDependencies) = postProject
		{B22E9DFB-D4CF-4850-BD2F-9FF56AD78A57} = {B22E9DFB-D4CF-4850-BD2F-9FF56AD78A57}
	EndProjectSection
EndProject
Project("{8BC9CEB8-8B4A-11D0-8D11-00A0C91BC942}") = "discovery_example", "discovery_example.vcproj", "{6C547F75-45DD-4B85-B728-D2CDB13B96E7}"
	ProjectSection(ProjectDependencies) = postProject
		{B22E9DFB-D4CF-4850-BD2F-9FF56AD78A57} = {B22E9DFB-D4CF-4850-BD2F-9FF56AD78A57}
	EndProjectSection
EndProject
Project("{8BC9CEB8-8B4A-11D0-8D11-00A0C91BC942}") = "communication_example", "communication_example.vcproj", "{68A0F7DF-262C-4791-BC32-60A459517B6B}"
	ProjectSection(ProjectDependencies) = postProject
		{B22E9DFB-D4CF-4850-BD2F-9FF56AD78A57} = {B22E9DFB-D4CF-4850-BD2F-9FF56AD78A57}
	EndProjectSection
EndProject
Project("{8BC9CEB8-8B4A-11D0-8D11-00A0C91BC942}") = "multiple_device_example", "multiple_device_example.vcproj", "{1E933213-9B09-4DE0-B212-BE57CF947BB9}"
	ProjectSection(ProjectDependencies) = postProject
		{B22E9DFB-D4CF-4850-BD2F-9FF56AD78A57} = {B22E9DFB-D4CF-4850-BD2F-9FF56AD78A57}
	EndProjectSection
EndProject
Project("{54435603-DBB4-11D2-8724-00A0C9A8B90C}") = "Setup", "Setup.vdproj", "{B544A0AC-354F-4F24-8F61-BBE5023DE290}"
EndProject
Global
	GlobalSection(SolutionConfigurationPlatforms) = preSolution
		Debug|Win32 = Debug|Win32
		Release|Win32 = Release|Win32
	EndGlobalSection
	GlobalSection(ProjectConfigurationPlatforms) = postSolution
		{75EB4C32-7F0D-4CBE-95D8-4C1D600C37DF}.Debug|Win32.ActiveCfg = Debug|Win32
		{75EB4C32-7F0D-4CBE-95D8-4C1D600C37DF}.Debug|Win32.Build.0 = Debug|Win32
		{75EB4C32-7F0D-4CBE-95D8-4C1D600C37DF}.Release|Win32.ActiveCfg = Release|Win32
		{75EB4C32-7F0D-4CBE-95D8-4C1D600C37DF}.Release|Win32.Build.0 = Release|Win32
		{B22E9DFB-D4CF-4850-BD2F-9FF56AD78A57}.Debug|Win32.ActiveCfg = Debug|Win32
		{B22E9DFB-D4CF-4850-BD2F-9FF56AD78A57}.Debug|Win32.Build.0 = Debug|Win32
		{B22E9DFB-D4CF-4850-BD2F-9FF56AD78A57}.Release|Win32.ActiveCfg = Release|Win32
		{B22E9DFB-D4CF-4850-BD2F-9FF56AD78A57}.Release|Win32.Build.0 = Release|Win32
		{1769AE7F-3B35-4D97-8502-0585529F6527}.Debug|Win32.ActiveCfg = Debug|Win32
		{1769AE7F-3B35-4D97-8502-0585529F6527}.Debug|Win32.Build.0 = Debug|Win32
		{1769AE7F-3B35-4D97-8502-0585529F6527}.Release|Win32.ActiveCfg = Release|Win32
		{1769AE7F-3B35-4D97-8502-0585529F6527}.Release|Win32.Build.0 = Release|Win32
		{6C547F75-45DD-4B85-B728-D2CDB13B96E7}.Debug|Win32.ActiveCfg = Debug|Win32
		{6C547F75-45DD-4B85-B728-D2CDB13B96E7}.Debug|Win32.Build.0 = Debug|Win32
		{6C547F75-45DD-4B85-B728-D2CDB13B96E7}.Release|Win32.ActiveCfg = Release|Win32
		{6C547F75-45DD-4B85-B728-D2CDB13B96E7}.Release|Win32.Build.0 = Release|Win32
		{68A0F7DF-262C-4791-BC32-60A459517B6B}.Debug|Win32.ActiveCfg = Debug|Win32
		{68A0F7DF-262C-4791-BC32-60A459517B6B}.Debug|Win32.Build.0 = Debug|Win32
		{68A0F7DF-262C-4791-BC32-60A459517B6B}.Release|Win32.ActiveCfg = Release|Win32
		{68A0F7DF-262C-4791-BC32-60A459517B6B}.Release|Win32.Build.0 = Release|Win32
		{1E933213-9B09-4DE0-B212-BE57CF947BB9}.Debug|Win32.ActiveCfg = Debug|Win32
		{1E933213-9B09-4DE0-B212-BE57CF947BB9}.Debug|Win32.Build.0 = Debug|Win32
		{1E933213-9B09-4DE0-B212-BE57CF947BB9}.Release|Win32.ActiveCfg = Release|Win32
		{1E933213-9B09-4DE0-B212-BE57CF947BB9}.Release|Win32.Build.0 = Release|Win32
		{B544A0AC-354F-4F24-8F61-BBE5023DE290}.Debug|Win32.ActiveCfg = Debug
		{B544A0AC-354F-4F24-8F61-BBE5023DE290}.Debug|Win32.Build.0 = Debug
		{B544A0AC-354F-4F24-8F61-BBE5023DE290}.Release|Win32.ActiveCfg = Release
		{B544A0AC-354F-4F24-8F61-BBE5023DE290}.Release|Win32.Build.0 = Release
	EndGlobalSection
	GlobalSection(SolutionProperties) = preSolution
		HideSolutionNode = FALSE
	EndGlobalSection
EndGlobal
